
Microsoft Visual Studio Solution File, Format Version 12.00
# Visual Studio Version 17
VisualStudioVersion = 17.4.33213.308
MinimumVisualStudioVersion = 10.0.40219.1
Project("{FAE04EC0-301F-11D3-BF4B-00C04F79EFBC}") = "ApiAdministracionPeluqueria", "ApiAdministracionPeluqueria\ApiAdministracionPeluqueria.csproj", "{77F3089C-6A7B-4C76-BC30-89358F61EB98}"
EndProject
Global
	GlobalSection(SolutionConfigurationPlatforms) = preSolution
		Debug|Any CPU = Debug|Any CPU
		Release|Any CPU = Release|Any CPU
	EndGlobalSection
	GlobalSection(ProjectConfigurationPlatforms) = postSolution
		{77F3089C-6A7B-4C76-BC30-89358F61EB98}.Debug|Any CPU.ActiveCfg = Debug|Any CPU
		{77F3089C-6A7B-4C76-BC30-89358F61EB98}.Debug|Any CPU.Build.0 = Debug|Any CPU
		{77F3089C-6A7B-4C76-BC30-89358F61EB98}.Release|Any CPU.ActiveCfg = Release|Any CPU
		{77F3089C-6A7B-4C76-BC30-89358F61EB98}.Release|Any CPU.Build.0 = Release|Any CPU
	EndGlobalSection
	GlobalSection(SolutionProperties) = preSolution
		HideSolutionNode = FALSE
	EndGlobalSection
	GlobalSection(ExtensibilityGlobals) = postSolution
		SolutionGuid = {C07D5AD0-45D7-4915-A995-6F1AD5BA2844}
	EndGlobalSection
EndGlobal
